// !$*UTF8*$!
{
	archiveVersion = 1;
	classes = {
	};
	objectVersion = 48;
	objects = {

/* Begin PBXBuildFile section */
		5D3BED382F4CEC54F9994291 /* libPods-lcwx.a in Frameworks */ = {isa = PBXBuildFile; fileRef = F5B24900A4F571E0CAF9EE78 /* libPods-lcwx.a */; };
		8490335A2001CF6F00E7CA26 /* AppDelegate.m in Sources */ = {isa = PBXBuildFile; fileRef = 849033592001CF6F00E7CA26 /* AppDelegate.m */; };
		8490335D2001CF6F00E7CA26 /* ViewController.m in Sources */ = {isa = PBXBuildFile; fileRef = 8490335C2001CF6F00E7CA26 /* ViewController.m */; };
		849033602001CF6F00E7CA26 /* Main.storyboard in Resources */ = {isa = PBXBuildFile; fileRef = 8490335E2001CF6F00E7CA26 /* Main.storyboard */; };
		849033622001CF6F00E7CA26 /* Assets.xcassets in Resources */ = {isa = PBXBuildFile; fileRef = 849033612001CF6F00E7CA26 /* Assets.xcassets */; };
		849033652001CF6F00E7CA26 /* LaunchScreen.storyboard in Resources */ = {isa = PBXBuildFile; fileRef = 849033632001CF6F00E7CA26 /* LaunchScreen.storyboard */; };
		849033682001CF6F00E7CA26 /* main.m in Sources */ = {isa = PBXBuildFile; fileRef = 849033672001CF6F00E7CA26 /* main.m */; };
		8490338120022DDD00E7CA26 /* BaseViewController.m in Sources */ = {isa = PBXBuildFile; fileRef = 8490337F20022DDD00E7CA26 /* BaseViewController.m */; };
		8490339420022DE900E7CA26 /* UILabel+Common.m in Sources */ = {isa = PBXBuildFile; fileRef = 8490338320022DE600E7CA26 /* UILabel+Common.m */; };
		8490339520022DE900E7CA26 /* UIViewController+Tracking.m in Sources */ = {isa = PBXBuildFile; fileRef = 8490338520022DE600E7CA26 /* UIViewController+Tracking.m */; };
		8490339620022DE900E7CA26 /* UIColor+expanded.m in Sources */ = {isa = PBXBuildFile; fileRef = 8490338620022DE700E7CA26 /* UIColor+expanded.m */; };
		8490339720022DE900E7CA26 /* UIView+Common.m in Sources */ = {isa = PBXBuildFile; fileRef = 8490338720022DE700E7CA26 /* UIView+Common.m */; };
		8490339820022DE900E7CA26 /* UIView+Frame.m in Sources */ = {isa = PBXBuildFile; fileRef = 8490338920022DE700E7CA26 /* UIView+Frame.m */; };
		8490339920022DE900E7CA26 /* UITableViewCell+BGetCellHeight.m in Sources */ = {isa = PBXBuildFile; fileRef = 8490338B20022DE700E7CA26 /* UITableViewCell+BGetCellHeight.m */; };
		8490339A20022DE900E7CA26 /* CALayer+BLayerBorderColor.m in Sources */ = {isa = PBXBuildFile; fileRef = 8490338C20022DE700E7CA26 /* CALayer+BLayerBorderColor.m */; };
		8490339B20022DE900E7CA26 /* UIImage+Common.m in Sources */ = {isa = PBXBuildFile; fileRef = 8490338E20022DE800E7CA26 /* UIImage+Common.m */; };
		8490339C20022DE900E7CA26 /* UIImage+ResizeImage.m in Sources */ = {isa = PBXBuildFile; fileRef = 8490339020022DE800E7CA26 /* UIImage+ResizeImage.m */; };
		8490339F20022DF000E7CA26 /* MSUntil.m in Sources */ = {isa = PBXBuildFile; fileRef = 8490339D20022DF000E7CA26 /* MSUntil.m */; };
		849033B020022E0300E7CA26 /* MSActionBase.m in Sources */ = {isa = PBXBuildFile; fileRef = 849033A020022DFD00E7CA26 /* MSActionBase.m */; };
		849033B120022E0300E7CA26 /* MSChangePasswordAction.m in Sources */ = {isa = PBXBuildFile; fileRef = 849033A120022DFD00E7CA26 /* MSChangePasswordAction.m */; };
		849033B220022E0300E7CA26 /* MSStoreService.m in Sources */ = {isa = PBXBuildFile; fileRef = 849033A220022DFD00E7CA26 /* MSStoreService.m */; };
		849033B320022E0300E7CA26 /* MSActionFindPWD.m in Sources */ = {isa = PBXBuildFile; fileRef = 849033A720022DFE00E7CA26 /* MSActionFindPWD.m */; };
		849033B420022E0300E7CA26 /* MSSignupWithPhoneAction.m in Sources */ = {isa = PBXBuildFile; fileRef = 849033A820022DFE00E7CA26 /* MSSignupWithPhoneAction.m */; };
		849033B520022E0300E7CA26 /* MSConfirmCodeAction.m in Sources */ = {isa = PBXBuildFile; fileRef = 849033A920022DFE00E7CA26 /* MSConfirmCodeAction.m */; };
		849033B620022E0300E7CA26 /* MSSignoutAction.m in Sources */ = {isa = PBXBuildFile; fileRef = 849033AB20022DFE00E7CA26 /* MSSignoutAction.m */; };
		849033B720022E0300E7CA26 /* MSLoginAction.m in Sources */ = {isa = PBXBuildFile; fileRef = 849033AE20022DFF00E7CA26 /* MSLoginAction.m */; };
		849033BC20022E0800E7CA26 /* MSResponeResult.m in Sources */ = {isa = PBXBuildFile; fileRef = 849033B820022E0700E7CA26 /* MSResponeResult.m */; };
		849033BD20022E0800E7CA26 /* MSHttpActionMgr.m in Sources */ = {isa = PBXBuildFile; fileRef = 849033B920022E0800E7CA26 /* MSHttpActionMgr.m */; };
		849033C02002E1A400E7CA26 /* BaseNavigationController.m in Sources */ = {isa = PBXBuildFile; fileRef = 849033BF2002E1A400E7CA26 /* BaseNavigationController.m */; };
		849033C32002E1E400E7CA26 /* BaseTabBarViewController.m in Sources */ = {isa = PBXBuildFile; fileRef = 849033C22002E1E400E7CA26 /* BaseTabBarViewController.m */; };
		849033C62002E20600E7CA26 /* MainViewController.m in Sources */ = {isa = PBXBuildFile; fileRef = 849033C52002E20600E7CA26 /* MainViewController.m */; };
		849033C92002E29F00E7CA26 /* BookShelfViewController.m in Sources */ = {isa = PBXBuildFile; fileRef = 849033C82002E29F00E7CA26 /* BookShelfViewController.m */; };
		849033CC2002E2BA00E7CA26 /* ChoicenessViewController.m in Sources */ = {isa = PBXBuildFile; fileRef = 849033CB2002E2BA00E7CA26 /* ChoicenessViewController.m */; };
		849033CF2002E2CC00E7CA26 /* RankViewController.m in Sources */ = {isa = PBXBuildFile; fileRef = 849033CE2002E2CC00E7CA26 /* RankViewController.m */; };
		849033D22002E2D700E7CA26 /* AccountViewController.m in Sources */ = {isa = PBXBuildFile; fileRef = 849033D12002E2D700E7CA26 /* AccountViewController.m */; };
		EF1559C620088AA7009182A8 /* LCActionInit.m in Sources */ = {isa = PBXBuildFile; fileRef = EF1559C520088AA7009182A8 /* LCActionInit.m */; };
		EF1559CA20088BE8009182A8 /* LCActionBookInfo.m in Sources */ = {isa = PBXBuildFile; fileRef = EF1559C920088BE8009182A8 /* LCActionBookInfo.m */; };
		EF1559CD20088CCD009182A8 /* LCActionChapterList.m in Sources */ = {isa = PBXBuildFile; fileRef = EF1559CC20088CCD009182A8 /* LCActionChapterList.m */; };
		EF1559D020088D1A009182A8 /* LCActionChapterContent.m in Sources */ = {isa = PBXBuildFile; fileRef = EF1559CF20088D1A009182A8 /* LCActionChapterContent.m */; };
		EF1559D320088E35009182A8 /* LCActionAdd.m in Sources */ = {isa = PBXBuildFile; fileRef = EF1559D220088E35009182A8 /* LCActionAdd.m */; };
		EF1559D62008917B009182A8 /* LCActionRecommend.m in Sources */ = {isa = PBXBuildFile; fileRef = EF1559D52008917B009182A8 /* LCActionRecommend.m */; };
		EF1559D9200895E6009182A8 /* Temp.m in Sources */ = {isa = PBXBuildFile; fileRef = EF1559D8200895E6009182A8 /* Temp.m */; };
		EF1559DC2008A321009182A8 /* BaseWebViewController.m in Sources */ = {isa = PBXBuildFile; fileRef = EF1559DB2008A321009182A8 /* BaseWebViewController.m */; };
		EF1559DF2008B9CB009182A8 /* LCActionSearchHot.m in Sources */ = {isa = PBXBuildFile; fileRef = EF1559DE2008B9CB009182A8 /* LCActionSearchHot.m */; };
		EF1559E22008BAC3009182A8 /* LCActionSearch.m in Sources */ = {isa = PBXBuildFile; fileRef = EF1559E12008BAC3009182A8 /* LCActionSearch.m */; };
		EF1559E52008BB9C009182A8 /* LCActionBookCharts.m in Sources */ = {isa = PBXBuildFile; fileRef = EF1559E42008BB9C009182A8 /* LCActionBookCharts.m */; };
		EFFFE0DE2008544E002C868D /* LCActionMobileRegister.m in Sources */ = {isa = PBXBuildFile; fileRef = EFFFE0D82008544E002C868D /* LCActionMobileRegister.m */; };
		EFFFE0DF2008544E002C868D /* LCActionCheckAppVersion.m in Sources */ = {isa = PBXBuildFile; fileRef = EFFFE0DB2008544E002C868D /* LCActionCheckAppVersion.m */; };
		EFFFE0E02008544E002C868D /* LCActionSendSmsAuthCode.m in Sources */ = {isa = PBXBuildFile; fileRef = EFFFE0DD2008544E002C868D /* LCActionSendSmsAuthCode.m */; };
		EFFFE0E320085461002C868D /* LCActionUserLogin.m in Sources */ = {isa = PBXBuildFile; fileRef = EFFFE0E220085461002C868D /* LCActionUserLogin.m */; };
		EFFFE0E6200854DC002C868D /* LCActionUserStatus.m in Sources */ = {isa = PBXBuildFile; fileRef = EFFFE0E5200854DC002C868D /* LCActionUserStatus.m */; };
		EFFFE0E92008552C002C868D /* LCActionActivation.m in Sources */ = {isa = PBXBuildFile; fileRef = EFFFE0E82008552C002C868D /* LCActionActivation.m */; };
		EFFFE0EC200856C2002C868D /* LCActionMobileLogin.m in Sources */ = {isa = PBXBuildFile; fileRef = EFFFE0EB200856C2002C868D /* LCActionMobileLogin.m */; };
/* End PBXBuildFile section */

/* Begin PBXFileReference section */
		19341E4DE614D62C0A66FD2F /* Pods-lcwx.release.xcconfig */ = {isa = PBXFileReference; includeInIndex = 1; lastKnownFileType = text.xcconfig; name = "Pods-lcwx.release.xcconfig"; path = "Pods/Target Support Files/Pods-lcwx/Pods-lcwx.release.xcconfig"; sourceTree = "<group>"; };
		4CB16F2A6F688C17502B8C74 /* Pods-lcwx.debug.xcconfig */ = {isa = PBXFileReference; includeInIndex = 1; lastKnownFileType = text.xcconfig; name = "Pods-lcwx.debug.xcconfig"; path = "Pods/Target Support Files/Pods-lcwx/Pods-lcwx.debug.xcconfig"; sourceTree = "<group>"; };
		849033552001CF6F00E7CA26 /* lcwx.app */ = {isa = PBXFileReference; explicitFileType = wrapper.application; includeInIndex = 0; path = lcwx.app; sourceTree = BUILT_PRODUCTS_DIR; };
		849033582001CF6F00E7CA26 /* AppDelegate.h */ = {isa = PBXFileReference; lastKnownFileType = sourcecode.c.h; path = AppDelegate.h; sourceTree = "<group>"; };
		849033592001CF6F00E7CA26 /* AppDelegate.m */ = {isa = PBXFileReference; lastKnownFileType = sourcecode.c.objc; path = AppDelegate.m; sourceTree = "<group>"; };
		8490335B2001CF6F00E7CA26 /* ViewController.h */ = {isa = PBXFileReference; lastKnownFileType = sourcecode.c.h; path = ViewController.h; sourceTree = "<group>"; };
		8490335C2001CF6F00E7CA26 /* ViewController.m */ = {isa = PBXFileReference; lastKnownFileType = sourcecode.c.objc; path = ViewController.m; sourceTree = "<group>"; };
		8490335F2001CF6F00E7CA26 /* Base */ = {isa = PBXFileReference; lastKnownFileType = file.storyboard; name = Base; path = Base.lproj/Main.storyboard; sourceTree = "<group>"; };
		849033612001CF6F00E7CA26 /* Assets.xcassets */ = {isa = PBXFileReference; lastKnownFileType = folder.assetcatalog; path = Assets.xcassets; sourceTree = "<group>"; };
		849033642001CF6F00E7CA26 /* Base */ = {isa = PBXFileReference; lastKnownFileType = file.storyboard; name = Base; path = Base.lproj/LaunchScreen.storyboard; sourceTree = "<group>"; };
		849033662001CF6F00E7CA26 /* Info.plist */ = {isa = PBXFileReference; lastKnownFileType = text.plist.xml; path = Info.plist; sourceTree = "<group>"; };
		849033672001CF6F00E7CA26 /* main.m */ = {isa = PBXFileReference; lastKnownFileType = sourcecode.c.objc; path = main.m; sourceTree = "<group>"; };
		8490337E200225FF00E7CA26 /* lcwx.pch */ = {isa = PBXFileReference; lastKnownFileType = sourcecode.c.h; path = lcwx.pch; sourceTree = "<group>"; };
		8490337F20022DDD00E7CA26 /* BaseViewController.m */ = {isa = PBXFileReference; fileEncoding = 4; lastKnownFileType = sourcecode.c.objc; path = BaseViewController.m; sourceTree = "<group>"; };
		8490338020022DDD00E7CA26 /* BaseViewController.h */ = {isa = PBXFileReference; fileEncoding = 4; lastKnownFileType = sourcecode.c.h; path = BaseViewController.h; sourceTree = "<group>"; };
		8490338220022DE600E7CA26 /* UIView+Frame.h */ = {isa = PBXFileReference; fileEncoding = 4; lastKnownFileType = sourcecode.c.h; path = "UIView+Frame.h"; sourceTree = "<group>"; };
		8490338320022DE600E7CA26 /* UILabel+Common.m */ = {isa = PBXFileReference; fileEncoding = 4; lastKnownFileType = sourcecode.c.objc; path = "UILabel+Common.m"; sourceTree = "<group>"; };
		8490338420022DE600E7CA26 /* UITableViewCell+BGetCellHeight.h */ = {isa = PBXFileReference; fileEncoding = 4; lastKnownFileType = sourcecode.c.h; path = "UITableViewCell+BGetCellHeight.h"; sourceTree = "<group>"; };
		8490338520022DE600E7CA26 /* UIViewController+Tracking.m */ = {isa = PBXFileReference; fileEncoding = 4; lastKnownFileType = sourcecode.c.objc; path = "UIViewController+Tracking.m"; sourceTree = "<group>"; };
		8490338620022DE700E7CA26 /* UIColor+expanded.m */ = {isa = PBXFileReference; fileEncoding = 4; lastKnownFileType = sourcecode.c.objc; path = "UIColor+expanded.m"; sourceTree = "<group>"; };
		8490338720022DE700E7CA26 /* UIView+Common.m */ = {isa = PBXFileReference; fileEncoding = 4; lastKnownFileType = sourcecode.c.objc; path = "UIView+Common.m"; sourceTree = "<group>"; };
		8490338820022DE700E7CA26 /* CALayer+BLayerBorderColor.h */ = {isa = PBXFileReference; fileEncoding = 4; lastKnownFileType = sourcecode.c.h; path = "CALayer+BLayerBorderColor.h"; sourceTree = "<group>"; };
		8490338920022DE700E7CA26 /* UIView+Frame.m */ = {isa = PBXFileReference; fileEncoding = 4; lastKnownFileType = sourcecode.c.objc; path = "UIView+Frame.m"; sourceTree = "<group>"; };
		8490338A20022DE700E7CA26 /* UIImage+ResizeImage.h */ = {isa = PBXFileReference; fileEncoding = 4; lastKnownFileType = sourcecode.c.h; path = "UIImage+ResizeImage.h"; sourceTree = "<group>"; };
		8490338B20022DE700E7CA26 /* UITableViewCell+BGetCellHeight.m */ = {isa = PBXFileReference; fileEncoding = 4; lastKnownFileType = sourcecode.c.objc; path = "UITableViewCell+BGetCellHeight.m"; sourceTree = "<group>"; };
		8490338C20022DE700E7CA26 /* CALayer+BLayerBorderColor.m */ = {isa = PBXFileReference; fileEncoding = 4; lastKnownFileType = sourcecode.c.objc; path = "CALayer+BLayerBorderColor.m"; sourceTree = "<group>"; };
		8490338D20022DE700E7CA26 /* UIViewController+Tracking.h */ = {isa = PBXFileReference; fileEncoding = 4; lastKnownFileType = sourcecode.c.h; path = "UIViewController+Tracking.h"; sourceTree = "<group>"; };
		8490338E20022DE800E7CA26 /* UIImage+Common.m */ = {isa = PBXFileReference; fileEncoding = 4; lastKnownFileType = sourcecode.c.objc; path = "UIImage+Common.m"; sourceTree = "<group>"; };
		8490338F20022DE800E7CA26 /* UIColor+expanded.h */ = {isa = PBXFileReference; fileEncoding = 4; lastKnownFileType = sourcecode.c.h; path = "UIColor+expanded.h"; sourceTree = "<group>"; };
		8490339020022DE800E7CA26 /* UIImage+ResizeImage.m */ = {isa = PBXFileReference; fileEncoding = 4; lastKnownFileType = sourcecode.c.objc; path = "UIImage+ResizeImage.m"; sourceTree = "<group>"; };
		8490339120022DE800E7CA26 /* UIImage+Common.h */ = {isa = PBXFileReference; fileEncoding = 4; lastKnownFileType = sourcecode.c.h; path = "UIImage+Common.h"; sourceTree = "<group>"; };
		8490339220022DE800E7CA26 /* UILabel+Common.h */ = {isa = PBXFileReference; fileEncoding = 4; lastKnownFileType = sourcecode.c.h; path = "UILabel+Common.h"; sourceTree = "<group>"; };
		8490339320022DE800E7CA26 /* UIView+Common.h */ = {isa = PBXFileReference; fileEncoding = 4; lastKnownFileType = sourcecode.c.h; path = "UIView+Common.h"; sourceTree = "<group>"; };
		8490339D20022DF000E7CA26 /* MSUntil.m */ = {isa = PBXFileReference; fileEncoding = 4; lastKnownFileType = sourcecode.c.objc; path = MSUntil.m; sourceTree = "<group>"; };
		8490339E20022DF000E7CA26 /* MSUntil.h */ = {isa = PBXFileReference; fileEncoding = 4; lastKnownFileType = sourcecode.c.h; path = MSUntil.h; sourceTree = "<group>"; };
		849033A020022DFD00E7CA26 /* MSActionBase.m */ = {isa = PBXFileReference; fileEncoding = 4; lastKnownFileType = sourcecode.c.objc; path = MSActionBase.m; sourceTree = "<group>"; };
		849033A120022DFD00E7CA26 /* MSChangePasswordAction.m */ = {isa = PBXFileReference; fileEncoding = 4; lastKnownFileType = sourcecode.c.objc; path = MSChangePasswordAction.m; sourceTree = "<group>"; };
		849033A220022DFD00E7CA26 /* MSStoreService.m */ = {isa = PBXFileReference; fileEncoding = 4; lastKnownFileType = sourcecode.c.objc; path = MSStoreService.m; sourceTree = "<group>"; };
		849033A320022DFD00E7CA26 /* MSConfirmCodeAction.h */ = {isa = PBXFileReference; fileEncoding = 4; lastKnownFileType = sourcecode.c.h; path = MSConfirmCodeAction.h; sourceTree = "<group>"; };
		849033A420022DFD00E7CA26 /* MSChangePasswordAction.h */ = {isa = PBXFileReference; fileEncoding = 4; lastKnownFileType = sourcecode.c.h; path = MSChangePasswordAction.h; sourceTree = "<group>"; };
		849033A520022DFD00E7CA26 /* MSSignoutAction.h */ = {isa = PBXFileReference; fileEncoding = 4; lastKnownFileType = sourcecode.c.h; path = MSSignoutAction.h; sourceTree = "<group>"; };
		849033A620022DFE00E7CA26 /* MSStoreService.h */ = {isa = PBXFileReference; fileEncoding = 4; lastKnownFileType = sourcecode.c.h; path = MSStoreService.h; sourceTree = "<group>"; };
		849033A720022DFE00E7CA26 /* MSActionFindPWD.m */ = {isa = PBXFileReference; fileEncoding = 4; lastKnownFileType = sourcecode.c.objc; path = MSActionFindPWD.m; sourceTree = "<group>"; };
		849033A820022DFE00E7CA26 /* MSSignupWithPhoneAction.m */ = {isa = PBXFileReference; fileEncoding = 4; lastKnownFileType = sourcecode.c.objc; path = MSSignupWithPhoneAction.m; sourceTree = "<group>"; };
		849033A920022DFE00E7CA26 /* MSConfirmCodeAction.m */ = {isa = PBXFileReference; fileEncoding = 4; lastKnownFileType = sourcecode.c.objc; path = MSConfirmCodeAction.m; sourceTree = "<group>"; };
		849033AA20022DFE00E7CA26 /* MSActionBase.h */ = {isa = PBXFileReference; fileEncoding = 4; lastKnownFileType = sourcecode.c.h; path = MSActionBase.h; sourceTree = "<group>"; };
		849033AB20022DFE00E7CA26 /* MSSignoutAction.m */ = {isa = PBXFileReference; fileEncoding = 4; lastKnownFileType = sourcecode.c.objc; path = MSSignoutAction.m; sourceTree = "<group>"; };
		849033AC20022DFE00E7CA26 /* MSActionFindPWD.h */ = {isa = PBXFileReference; fileEncoding = 4; lastKnownFileType = sourcecode.c.h; path = MSActionFindPWD.h; sourceTree = "<group>"; };
		849033AD20022DFF00E7CA26 /* MSLoginAction.h */ = {isa = PBXFileReference; fileEncoding = 4; lastKnownFileType = sourcecode.c.h; path = MSLoginAction.h; sourceTree = "<group>"; };
		849033AE20022DFF00E7CA26 /* MSLoginAction.m */ = {isa = PBXFileReference; fileEncoding = 4; lastKnownFileType = sourcecode.c.objc; path = MSLoginAction.m; sourceTree = "<group>"; };
		849033AF20022E0200E7CA26 /* MSSignupWithPhoneAction.h */ = {isa = PBXFileReference; fileEncoding = 4; lastKnownFileType = sourcecode.c.h; path = MSSignupWithPhoneAction.h; sourceTree = "<group>"; };
		849033B820022E0700E7CA26 /* MSResponeResult.m */ = {isa = PBXFileReference; fileEncoding = 4; lastKnownFileType = sourcecode.c.objc; path = MSResponeResult.m; sourceTree = "<group>"; };
		849033B920022E0800E7CA26 /* MSHttpActionMgr.m */ = {isa = PBXFileReference; fileEncoding = 4; lastKnownFileType = sourcecode.c.objc; path = MSHttpActionMgr.m; sourceTree = "<group>"; };
		849033BA20022E0800E7CA26 /* MSHttpActionMgr.h */ = {isa = PBXFileReference; fileEncoding = 4; lastKnownFileType = sourcecode.c.h; path = MSHttpActionMgr.h; sourceTree = "<group>"; };
		849033BB20022E0800E7CA26 /* MSResponeResult.h */ = {isa = PBXFileReference; fileEncoding = 4; lastKnownFileType = sourcecode.c.h; path = MSResponeResult.h; sourceTree = "<group>"; };
		849033BE2002E1A400E7CA26 /* BaseNavigationController.h */ = {isa = PBXFileReference; lastKnownFileType = sourcecode.c.h; path = BaseNavigationController.h; sourceTree = "<group>"; };
		849033BF2002E1A400E7CA26 /* BaseNavigationController.m */ = {isa = PBXFileReference; lastKnownFileType = sourcecode.c.objc; path = BaseNavigationController.m; sourceTree = "<group>"; };
		849033C12002E1E400E7CA26 /* BaseTabBarViewController.h */ = {isa = PBXFileReference; lastKnownFileType = sourcecode.c.h; path = BaseTabBarViewController.h; sourceTree = "<group>"; };
		849033C22002E1E400E7CA26 /* BaseTabBarViewController.m */ = {isa = PBXFileReference; lastKnownFileType = sourcecode.c.objc; path = BaseTabBarViewController.m; sourceTree = "<group>"; };
		849033C42002E20600E7CA26 /* MainViewController.h */ = {isa = PBXFileReference; lastKnownFileType = sourcecode.c.h; path = MainViewController.h; sourceTree = "<group>"; };
		849033C52002E20600E7CA26 /* MainViewController.m */ = {isa = PBXFileReference; lastKnownFileType = sourcecode.c.objc; path = MainViewController.m; sourceTree = "<group>"; };
		849033C72002E29F00E7CA26 /* BookShelfViewController.h */ = {isa = PBXFileReference; lastKnownFileType = sourcecode.c.h; path = BookShelfViewController.h; sourceTree = "<group>"; };
		849033C82002E29F00E7CA26 /* BookShelfViewController.m */ = {isa = PBXFileReference; lastKnownFileType = sourcecode.c.objc; path = BookShelfViewController.m; sourceTree = "<group>"; };
		849033CA2002E2BA00E7CA26 /* ChoicenessViewController.h */ = {isa = PBXFileReference; lastKnownFileType = sourcecode.c.h; path = ChoicenessViewController.h; sourceTree = "<group>"; };
		849033CB2002E2BA00E7CA26 /* ChoicenessViewController.m */ = {isa = PBXFileReference; lastKnownFileType = sourcecode.c.objc; path = ChoicenessViewController.m; sourceTree = "<group>"; };
		849033CD2002E2CC00E7CA26 /* RankViewController.h */ = {isa = PBXFileReference; lastKnownFileType = sourcecode.c.h; path = RankViewController.h; sourceTree = "<group>"; };
		849033CE2002E2CC00E7CA26 /* RankViewController.m */ = {isa = PBXFileReference; lastKnownFileType = sourcecode.c.objc; path = RankViewController.m; sourceTree = "<group>"; };
		849033D02002E2D700E7CA26 /* AccountViewController.h */ = {isa = PBXFileReference; lastKnownFileType = sourcecode.c.h; path = AccountViewController.h; sourceTree = "<group>"; };
		849033D12002E2D700E7CA26 /* AccountViewController.m */ = {isa = PBXFileReference; lastKnownFileType = sourcecode.c.objc; path = AccountViewController.m; sourceTree = "<group>"; };
		EF1559C420088AA7009182A8 /* LCActionInit.h */ = {isa = PBXFileReference; lastKnownFileType = sourcecode.c.h; path = LCActionInit.h; sourceTree = "<group>"; };
		EF1559C520088AA7009182A8 /* LCActionInit.m */ = {isa = PBXFileReference; lastKnownFileType = sourcecode.c.objc; path = LCActionInit.m; sourceTree = "<group>"; };
		EF1559C820088BE8009182A8 /* LCActionBookInfo.h */ = {isa = PBXFileReference; lastKnownFileType = sourcecode.c.h; path = LCActionBookInfo.h; sourceTree = "<group>"; };
		EF1559C920088BE8009182A8 /* LCActionBookInfo.m */ = {isa = PBXFileReference; lastKnownFileType = sourcecode.c.objc; path = LCActionBookInfo.m; sourceTree = "<group>"; };
		EF1559CB20088CCD009182A8 /* LCActionChapterList.h */ = {isa = PBXFileReference; lastKnownFileType = sourcecode.c.h; path = LCActionChapterList.h; sourceTree = "<group>"; };
		EF1559CC20088CCD009182A8 /* LCActionChapterList.m */ = {isa = PBXFileReference; lastKnownFileType = sourcecode.c.objc; path = LCActionChapterList.m; sourceTree = "<group>"; };
		EF1559CE20088D1A009182A8 /* LCActionChapterContent.h */ = {isa = PBXFileReference; lastKnownFileType = sourcecode.c.h; path = LCActionChapterContent.h; sourceTree = "<group>"; };
		EF1559CF20088D1A009182A8 /* LCActionChapterContent.m */ = {isa = PBXFileReference; lastKnownFileType = sourcecode.c.objc; path = LCActionChapterContent.m; sourceTree = "<group>"; };
		EF1559D120088E35009182A8 /* LCActionAdd.h */ = {isa = PBXFileReference; lastKnownFileType = sourcecode.c.h; path = LCActionAdd.h; sourceTree = "<group>"; };
		EF1559D220088E35009182A8 /* LCActionAdd.m */ = {isa = PBXFileReference; lastKnownFileType = sourcecode.c.objc; path = LCActionAdd.m; sourceTree = "<group>"; };
		EF1559D42008917B009182A8 /* LCActionRecommend.h */ = {isa = PBXFileReference; lastKnownFileType = sourcecode.c.h; path = LCActionRecommend.h; sourceTree = "<group>"; };
		EF1559D52008917B009182A8 /* LCActionRecommend.m */ = {isa = PBXFileReference; lastKnownFileType = sourcecode.c.objc; path = LCActionRecommend.m; sourceTree = "<group>"; };
		EF1559D7200895E6009182A8 /* Temp.h */ = {isa = PBXFileReference; lastKnownFileType = sourcecode.c.h; path = Temp.h; sourceTree = "<group>"; };
		EF1559D8200895E6009182A8 /* Temp.m */ = {isa = PBXFileReference; lastKnownFileType = sourcecode.c.objc; path = Temp.m; sourceTree = "<group>"; };
		EF1559DA2008A321009182A8 /* BaseWebViewController.h */ = {isa = PBXFileReference; lastKnownFileType = sourcecode.c.h; path = BaseWebViewController.h; sourceTree = "<group>"; };
		EF1559DB2008A321009182A8 /* BaseWebViewController.m */ = {isa = PBXFileReference; lastKnownFileType = sourcecode.c.objc; path = BaseWebViewController.m; sourceTree = "<group>"; };
		EF1559DD2008B9CB009182A8 /* LCActionSearchHot.h */ = {isa = PBXFileReference; lastKnownFileType = sourcecode.c.h; path = LCActionSearchHot.h; sourceTree = "<group>"; };
		EF1559DE2008B9CB009182A8 /* LCActionSearchHot.m */ = {isa = PBXFileReference; lastKnownFileType = sourcecode.c.objc; path = LCActionSearchHot.m; sourceTree = "<group>"; };
		EF1559E02008BAC3009182A8 /* LCActionSearch.h */ = {isa = PBXFileReference; lastKnownFileType = sourcecode.c.h; path = LCActionSearch.h; sourceTree = "<group>"; };
		EF1559E12008BAC3009182A8 /* LCActionSearch.m */ = {isa = PBXFileReference; lastKnownFileType = sourcecode.c.objc; path = LCActionSearch.m; sourceTree = "<group>"; };
		EF1559E32008BB9C009182A8 /* LCActionBookCharts.h */ = {isa = PBXFileReference; lastKnownFileType = sourcecode.c.h; path = LCActionBookCharts.h; sourceTree = "<group>"; };
		EF1559E42008BB9C009182A8 /* LCActionBookCharts.m */ = {isa = PBXFileReference; lastKnownFileType = sourcecode.c.objc; path = LCActionBookCharts.m; sourceTree = "<group>"; };
		EFFFE0D72008544E002C868D /* LCActionMobileRegister.h */ = {isa = PBXFileReference; fileEncoding = 4; lastKnownFileType = sourcecode.c.h; path = LCActionMobileRegister.h; sourceTree = "<group>"; };
		EFFFE0D82008544E002C868D /* LCActionMobileRegister.m */ = {isa = PBXFileReference; fileEncoding = 4; lastKnownFileType = sourcecode.c.objc; path = LCActionMobileRegister.m; sourceTree = "<group>"; };
		EFFFE0DA2008544E002C868D /* LCActionCheckAppVersion.h */ = {isa = PBXFileReference; fileEncoding = 4; lastKnownFileType = sourcecode.c.h; path = LCActionCheckAppVersion.h; sourceTree = "<group>"; };
		EFFFE0DB2008544E002C868D /* LCActionCheckAppVersion.m */ = {isa = PBXFileReference; fileEncoding = 4; lastKnownFileType = sourcecode.c.objc; path = LCActionCheckAppVersion.m; sourceTree = "<group>"; };
		EFFFE0DC2008544E002C868D /* LCActionSendSmsAuthCode.h */ = {isa = PBXFileReference; fileEncoding = 4; lastKnownFileType = sourcecode.c.h; path = LCActionSendSmsAuthCode.h; sourceTree = "<group>"; };
		EFFFE0DD2008544E002C868D /* LCActionSendSmsAuthCode.m */ = {isa = PBXFileReference; fileEncoding = 4; lastKnownFileType = sourcecode.c.objc; path = LCActionSendSmsAuthCode.m; sourceTree = "<group>"; };
		EFFFE0E120085461002C868D /* LCActionUserLogin.h */ = {isa = PBXFileReference; lastKnownFileType = sourcecode.c.h; path = LCActionUserLogin.h; sourceTree = "<group>"; };
		EFFFE0E220085461002C868D /* LCActionUserLogin.m */ = {isa = PBXFileReference; lastKnownFileType = sourcecode.c.objc; path = LCActionUserLogin.m; sourceTree = "<group>"; };
		EFFFE0E4200854DC002C868D /* LCActionUserStatus.h */ = {isa = PBXFileReference; lastKnownFileType = sourcecode.c.h; path = LCActionUserStatus.h; sourceTree = "<group>"; };
		EFFFE0E5200854DC002C868D /* LCActionUserStatus.m */ = {isa = PBXFileReference; lastKnownFileType = sourcecode.c.objc; path = LCActionUserStatus.m; sourceTree = "<group>"; };
		EFFFE0E72008552C002C868D /* LCActionActivation.h */ = {isa = PBXFileReference; lastKnownFileType = sourcecode.c.h; path = LCActionActivation.h; sourceTree = "<group>"; };
		EFFFE0E82008552C002C868D /* LCActionActivation.m */ = {isa = PBXFileReference; lastKnownFileType = sourcecode.c.objc; path = LCActionActivation.m; sourceTree = "<group>"; };
		EFFFE0EA200856C2002C868D /* LCActionMobileLogin.h */ = {isa = PBXFileReference; lastKnownFileType = sourcecode.c.h; path = LCActionMobileLogin.h; sourceTree = "<group>"; };
		EFFFE0EB200856C2002C868D /* LCActionMobileLogin.m */ = {isa = PBXFileReference; lastKnownFileType = sourcecode.c.objc; path = LCActionMobileLogin.m; sourceTree = "<group>"; };
		F5B24900A4F571E0CAF9EE78 /* libPods-lcwx.a */ = {isa = PBXFileReference; explicitFileType = archive.ar; includeInIndex = 0; path = "libPods-lcwx.a"; sourceTree = BUILT_PRODUCTS_DIR; };
/* End PBXFileReference section */

/* Begin PBXFrameworksBuildPhase section */
		849033522001CF6F00E7CA26 /* Frameworks */ = {
			isa = PBXFrameworksBuildPhase;
			buildActionMask = 2147483647;
			files = (
				5D3BED382F4CEC54F9994291 /* libPods-lcwx.a in Frameworks */,
			);
			runOnlyForDeploymentPostprocessing = 0;
		};
/* End PBXFrameworksBuildPhase section */

/* Begin PBXGroup section */
		8490334C2001CF6F00E7CA26 = {
			isa = PBXGroup;
			children = (
				849033572001CF6F00E7CA26 /* lcwx */,
				849033562001CF6F00E7CA26 /* Products */,
				C10DB15256CB6D240849AB7E /* Pods */,
				957DD9BA56553C51C751F4DD /* Frameworks */,
			);
			sourceTree = "<group>";
		};
		849033562001CF6F00E7CA26 /* Products */ = {
			isa = PBXGroup;
			children = (
				849033552001CF6F00E7CA26 /* lcwx.app */,
			);
			name = Products;
			sourceTree = "<group>";
		};
		849033572001CF6F00E7CA26 /* lcwx */ = {
			isa = PBXGroup;
			children = (
				8490337D2001D86600E7CA26 /* Resources */,
				849033742001D85C00E7CA26 /* Classes */,
				849033582001CF6F00E7CA26 /* AppDelegate.h */,
				849033592001CF6F00E7CA26 /* AppDelegate.m */,
				8490335B2001CF6F00E7CA26 /* ViewController.h */,
				8490335C2001CF6F00E7CA26 /* ViewController.m */,
				8490337E200225FF00E7CA26 /* lcwx.pch */,
				EF1559D7200895E6009182A8 /* Temp.h */,
				EF1559D8200895E6009182A8 /* Temp.m */,
				8490335E2001CF6F00E7CA26 /* Main.storyboard */,
				849033612001CF6F00E7CA26 /* Assets.xcassets */,
				849033632001CF6F00E7CA26 /* LaunchScreen.storyboard */,
				849033662001CF6F00E7CA26 /* Info.plist */,
				849033672001CF6F00E7CA26 /* main.m */,
			);
			path = lcwx;
			sourceTree = "<group>";
		};
		849033742001D85C00E7CA26 /* Classes */ = {
			isa = PBXGroup;
			children = (
				849033752001D85C00E7CA26 /* Category */,
				849033762001D85C00E7CA26 /* Controller */,
				849033792001D85C00E7CA26 /* Global */,
				8490337A2001D85C00E7CA26 /* Model */,
				8490337B2001D85C00E7CA26 /* Services */,
			);
			path = Classes;
			sourceTree = "<group>";
		};
		849033752001D85C00E7CA26 /* Category */ = {
			isa = PBXGroup;
			children = (
				8490338820022DE700E7CA26 /* CALayer+BLayerBorderColor.h */,
				8490338C20022DE700E7CA26 /* CALayer+BLayerBorderColor.m */,
				8490338F20022DE800E7CA26 /* UIColor+expanded.h */,
				8490338620022DE700E7CA26 /* UIColor+expanded.m */,
				8490339120022DE800E7CA26 /* UIImage+Common.h */,
				8490338E20022DE800E7CA26 /* UIImage+Common.m */,
				8490338A20022DE700E7CA26 /* UIImage+ResizeImage.h */,
				8490339020022DE800E7CA26 /* UIImage+ResizeImage.m */,
				8490339220022DE800E7CA26 /* UILabel+Common.h */,
				8490338320022DE600E7CA26 /* UILabel+Common.m */,
				8490338420022DE600E7CA26 /* UITableViewCell+BGetCellHeight.h */,
				8490338B20022DE700E7CA26 /* UITableViewCell+BGetCellHeight.m */,
				8490339320022DE800E7CA26 /* UIView+Common.h */,
				8490338720022DE700E7CA26 /* UIView+Common.m */,
				8490338220022DE600E7CA26 /* UIView+Frame.h */,
				8490338920022DE700E7CA26 /* UIView+Frame.m */,
				8490338D20022DE700E7CA26 /* UIViewController+Tracking.h */,
				8490338520022DE600E7CA26 /* UIViewController+Tracking.m */,
			);
			path = Category;
			sourceTree = "<group>";
		};
		849033762001D85C00E7CA26 /* Controller */ = {
			isa = PBXGroup;
			children = (
				849033772001D85C00E7CA26 /* Base */,
				849033782001D85C00E7CA26 /* Main */,
			);
			path = Controller;
			sourceTree = "<group>";
		};
		849033772001D85C00E7CA26 /* Base */ = {
			isa = PBXGroup;
			children = (
				8490338020022DDD00E7CA26 /* BaseViewController.h */,
				8490337F20022DDD00E7CA26 /* BaseViewController.m */,
				EF1559DA2008A321009182A8 /* BaseWebViewController.h */,
				EF1559DB2008A321009182A8 /* BaseWebViewController.m */,
				849033BE2002E1A400E7CA26 /* BaseNavigationController.h */,
				849033BF2002E1A400E7CA26 /* BaseNavigationController.m */,
				849033C12002E1E400E7CA26 /* BaseTabBarViewController.h */,
				849033C22002E1E400E7CA26 /* BaseTabBarViewController.m */,
			);
			path = Base;
			sourceTree = "<group>";
		};
		849033782001D85C00E7CA26 /* Main */ = {
			isa = PBXGroup;
			children = (
				849033C42002E20600E7CA26 /* MainViewController.h */,
				849033C52002E20600E7CA26 /* MainViewController.m */,
				849033C72002E29F00E7CA26 /* BookShelfViewController.h */,
				849033C82002E29F00E7CA26 /* BookShelfViewController.m */,
				849033CA2002E2BA00E7CA26 /* ChoicenessViewController.h */,
				849033CB2002E2BA00E7CA26 /* ChoicenessViewController.m */,
				849033CD2002E2CC00E7CA26 /* RankViewController.h */,
				849033CE2002E2CC00E7CA26 /* RankViewController.m */,
				849033D02002E2D700E7CA26 /* AccountViewController.h */,
				849033D12002E2D700E7CA26 /* AccountViewController.m */,
			);
			path = Main;
			sourceTree = "<group>";
		};
		849033792001D85C00E7CA26 /* Global */ = {
			isa = PBXGroup;
			children = (
				8490339E20022DF000E7CA26 /* MSUntil.h */,
				8490339D20022DF000E7CA26 /* MSUntil.m */,
			);
			path = Global;
			sourceTree = "<group>";
		};
		8490337A2001D85C00E7CA26 /* Model */ = {
			isa = PBXGroup;
			children = (
			);
			path = Model;
			sourceTree = "<group>";
		};
		8490337B2001D85C00E7CA26 /* Services */ = {
			isa = PBXGroup;
			children = (
				849033D320082AC500E7CA26 /* lcwxAction */,
				849033BA20022E0800E7CA26 /* MSHttpActionMgr.h */,
				849033B920022E0800E7CA26 /* MSHttpActionMgr.m */,
				849033BB20022E0800E7CA26 /* MSResponeResult.h */,
				849033B820022E0700E7CA26 /* MSResponeResult.m */,
				8490337C2001D85C00E7CA26 /* Actions */,
			);
			path = Services;
			sourceTree = "<group>";
		};
		8490337C2001D85C00E7CA26 /* Actions */ = {
			isa = PBXGroup;
			children = (
				849033AA20022DFE00E7CA26 /* MSActionBase.h */,
				849033A020022DFD00E7CA26 /* MSActionBase.m */,
				849033AC20022DFE00E7CA26 /* MSActionFindPWD.h */,
				849033A720022DFE00E7CA26 /* MSActionFindPWD.m */,
				849033A420022DFD00E7CA26 /* MSChangePasswordAction.h */,
				849033A120022DFD00E7CA26 /* MSChangePasswordAction.m */,
				849033A320022DFD00E7CA26 /* MSConfirmCodeAction.h */,
				849033A920022DFE00E7CA26 /* MSConfirmCodeAction.m */,
				849033AD20022DFF00E7CA26 /* MSLoginAction.h */,
				849033AE20022DFF00E7CA26 /* MSLoginAction.m */,
				849033A520022DFD00E7CA26 /* MSSignoutAction.h */,
				849033AB20022DFE00E7CA26 /* MSSignoutAction.m */,
				849033AF20022E0200E7CA26 /* MSSignupWithPhoneAction.h */,
				849033A820022DFE00E7CA26 /* MSSignupWithPhoneAction.m */,
				849033A620022DFE00E7CA26 /* MSStoreService.h */,
				849033A220022DFD00E7CA26 /* MSStoreService.m */,
			);
			path = Actions;
			sourceTree = "<group>";
		};
		8490337D2001D86600E7CA26 /* Resources */ = {
			isa = PBXGroup;
			children = (
			);
			path = Resources;
			sourceTree = "<group>";
		};
		849033D320082AC500E7CA26 /* lcwxAction */ = {
			isa = PBXGroup;
			children = (
				EF1559C720088BD5009182A8 /* ReadingCenter */,
				EF1559C320088A9A009182A8 /* BookCase */,
				EFFFE0D52008544E002C868D /* BookStorage */,
				EFFFE0D62008544E002C868D /* PersonalCenter */,
				EFFFE0D92008544E002C868D /* sys */,
			);
			path = lcwxAction;
			sourceTree = "<group>";
		};
		957DD9BA56553C51C751F4DD /* Frameworks */ = {
			isa = PBXGroup;
			children = (
				F5B24900A4F571E0CAF9EE78 /* libPods-lcwx.a */,
			);
			name = Frameworks;
			sourceTree = "<group>";
		};
		C10DB15256CB6D240849AB7E /* Pods */ = {
			isa = PBXGroup;
			children = (
				4CB16F2A6F688C17502B8C74 /* Pods-lcwx.debug.xcconfig */,
				19341E4DE614D62C0A66FD2F /* Pods-lcwx.release.xcconfig */,
			);
			name = Pods;
			sourceTree = "<group>";
		};
		EF1559C320088A9A009182A8 /* BookCase */ = {
			isa = PBXGroup;
			children = (
				EF1559C420088AA7009182A8 /* LCActionInit.h */,
				EF1559C520088AA7009182A8 /* LCActionInit.m */,
				EF1559D120088E35009182A8 /* LCActionAdd.h */,
				EF1559D220088E35009182A8 /* LCActionAdd.m */,
			);
			path = BookCase;
			sourceTree = "<group>";
		};
		EF1559C720088BD5009182A8 /* ReadingCenter */ = {
			isa = PBXGroup;
			children = (
				EF1559C820088BE8009182A8 /* LCActionBookInfo.h */,
				EF1559C920088BE8009182A8 /* LCActionBookInfo.m */,
				EF1559CB20088CCD009182A8 /* LCActionChapterList.h */,
				EF1559CC20088CCD009182A8 /* LCActionChapterList.m */,
				EF1559CE20088D1A009182A8 /* LCActionChapterContent.h */,
				EF1559CF20088D1A009182A8 /* LCActionChapterContent.m */,
			);
			path = ReadingCenter;
			sourceTree = "<group>";
		};
		EFFFE0D52008544E002C868D /* BookStorage */ = {
			isa = PBXGroup;
			children = (
				EF1559D42008917B009182A8 /* LCActionRecommend.h */,
				EF1559D52008917B009182A8 /* LCActionRecommend.m */,
				EF1559DD2008B9CB009182A8 /* LCActionSearchHot.h */,
				EF1559DE2008B9CB009182A8 /* LCActionSearchHot.m */,
				EF1559E02008BAC3009182A8 /* LCActionSearch.h */,
				EF1559E12008BAC3009182A8 /* LCActionSearch.m */,
				EF1559E32008BB9C009182A8 /* LCActionBookCharts.h */,
				EF1559E42008BB9C009182A8 /* LCActionBookCharts.m */,
			);
			path = BookStorage;
			sourceTree = "<group>";
		};
		EFFFE0D62008544E002C868D /* PersonalCenter */ = {
			isa = PBXGroup;
			children = (
				EFFFE0D72008544E002C868D /* LCActionMobileRegister.h */,
				EFFFE0D82008544E002C868D /* LCActionMobileRegister.m */,
				EFFFE0E120085461002C868D /* LCActionUserLogin.h */,
				EFFFE0E220085461002C868D /* LCActionUserLogin.m */,
				EFFFE0E4200854DC002C868D /* LCActionUserStatus.h */,
				EFFFE0E5200854DC002C868D /* LCActionUserStatus.m */,
				EFFFE0E72008552C002C868D /* LCActionActivation.h */,
				EFFFE0E82008552C002C868D /* LCActionActivation.m */,
				EFFFE0EA200856C2002C868D /* LCActionMobileLogin.h */,
				EFFFE0EB200856C2002C868D /* LCActionMobileLogin.m */,
			);
			path = PersonalCenter;
			sourceTree = "<group>";
		};
		EFFFE0D92008544E002C868D /* sys */ = {
			isa = PBXGroup;
			children = (
				EFFFE0DA2008544E002C868D /* LCActionCheckAppVersion.h */,
				EFFFE0DB2008544E002C868D /* LCActionCheckAppVersion.m */,
				EFFFE0DC2008544E002C868D /* LCActionSendSmsAuthCode.h */,
				EFFFE0DD2008544E002C868D /* LCActionSendSmsAuthCode.m */,
			);
			path = sys;
			sourceTree = "<group>";
		};
/* End PBXGroup section */

/* Begin PBXNativeTarget section */
		849033542001CF6F00E7CA26 /* lcwx */ = {
			isa = PBXNativeTarget;
			buildConfigurationList = 8490336B2001CF6F00E7CA26 /* Build configuration list for PBXNativeTarget "lcwx" */;
			buildPhases = (
				7A6A412584CC42C45895B76D /* [CP] Check Pods Manifest.lock */,
				849033512001CF6F00E7CA26 /* Sources */,
				849033522001CF6F00E7CA26 /* Frameworks */,
				849033532001CF6F00E7CA26 /* Resources */,
				C2D533E12D4418588D367F0F /* [CP] Embed Pods Frameworks */,
				C3B44733FCEE8D924E72FC34 /* [CP] Copy Pods Resources */,
			);
			buildRules = (
			);
			dependencies = (
			);
			name = lcwx;
			productName = lcwx;
			productReference = 849033552001CF6F00E7CA26 /* lcwx.app */;
			productType = "com.apple.product-type.application";
		};
/* End PBXNativeTarget section */

/* Begin PBXProject section */
		8490334D2001CF6F00E7CA26 /* Project object */ = {
			isa = PBXProject;
			attributes = {
				LastUpgradeCheck = 0910;
				ORGANIZATIONNAME = luck;
				TargetAttributes = {
					849033542001CF6F00E7CA26 = {
						CreatedOnToolsVersion = 9.1;
						ProvisioningStyle = Automatic;
					};
				};
			};
			buildConfigurationList = 849033502001CF6F00E7CA26 /* Build configuration list for PBXProject "lcwx" */;
			compatibilityVersion = "Xcode 8.0";
			developmentRegion = en;
			hasScannedForEncodings = 0;
			knownRegions = (
				en,
				Base,
			);
			mainGroup = 8490334C2001CF6F00E7CA26;
			productRefGroup = 849033562001CF6F00E7CA26 /* Products */;
			projectDirPath = "";
			projectRoot = "";
			targets = (
				849033542001CF6F00E7CA26 /* lcwx */,
			);
		};
/* End PBXProject section */

/* Begin PBXResourcesBuildPhase section */
		849033532001CF6F00E7CA26 /* Resources */ = {
			isa = PBXResourcesBuildPhase;
			buildActionMask = 2147483647;
			files = (
				849033652001CF6F00E7CA26 /* LaunchScreen.storyboard in Resources */,
				849033622001CF6F00E7CA26 /* Assets.xcassets in Resources */,
				849033602001CF6F00E7CA26 /* Main.storyboard in Resources */,
			);
			runOnlyForDeploymentPostprocessing = 0;
		};
/* End PBXResourcesBuildPhase section */

/* Begin PBXShellScriptBuildPhase section */
		7A6A412584CC42C45895B76D /* [CP] Check Pods Manifest.lock */ = {
			isa = PBXShellScriptBuildPhase;
			buildActionMask = 2147483647;
			files = (
			);
			inputPaths = (
				"${PODS_PODFILE_DIR_PATH}/Podfile.lock",
				"${PODS_ROOT}/Manifest.lock",
			);
			name = "[CP] Check Pods Manifest.lock";
			outputPaths = (
				"$(DERIVED_FILE_DIR)/Pods-lcwx-checkManifestLockResult.txt",
			);
			runOnlyForDeploymentPostprocessing = 0;
			shellPath = /bin/sh;
			shellScript = "diff \"${PODS_PODFILE_DIR_PATH}/Podfile.lock\" \"${PODS_ROOT}/Manifest.lock\" > /dev/null\nif [ $? != 0 ] ; then\n    # print error to STDERR\n    echo \"error: The sandbox is not in sync with the Podfile.lock. Run 'pod install' or update your CocoaPods installation.\" >&2\n    exit 1\nfi\n# This output is used by Xcode 'outputs' to avoid re-running this script phase.\necho \"SUCCESS\" > \"${SCRIPT_OUTPUT_FILE_0}\"\n";
			showEnvVarsInLog = 0;
		};
		C2D533E12D4418588D367F0F /* [CP] Embed Pods Frameworks */ = {
			isa = PBXShellScriptBuildPhase;
			buildActionMask = 2147483647;
			files = (
			);
			inputPaths = (
				"${SRCROOT}/Pods/Target Support Files/Pods-lcwx/Pods-lcwx-frameworks.sh",
				"${BUILT_PRODUCTS_DIR}/AFNetworking/AFNetworking.framework",
				"${BUILT_PRODUCTS_DIR}/BlocksKit/BlocksKit.framework",
				"${BUILT_PRODUCTS_DIR}/DACircularProgress/DACircularProgress.framework",
				"${BUILT_PRODUCTS_DIR}/DZNEmptyDataSet/DZNEmptyDataSet.framework",
				"${BUILT_PRODUCTS_DIR}/EAIntroView/EAIntroView.framework",
				"${BUILT_PRODUCTS_DIR}/EARestrictedScrollView/EARestrictedScrollView.framework",
				"${BUILT_PRODUCTS_DIR}/FMDB/FMDB.framework",
				"${BUILT_PRODUCTS_DIR}/JQFMDB/JQFMDB.framework",
				"${BUILT_PRODUCTS_DIR}/MBProgressHUD/MBProgressHUD.framework",
				"${BUILT_PRODUCTS_DIR}/MJExtension/MJExtension.framework",
				"${BUILT_PRODUCTS_DIR}/MWPhotoBrowser/MWPhotoBrowser.framework",
				"${BUILT_PRODUCTS_DIR}/Masonry/Masonry.framework",
				"${BUILT_PRODUCTS_DIR}/QMUIKit/QMUIKit.framework",
				"${BUILT_PRODUCTS_DIR}/ReactiveObjC/ReactiveObjC.framework",
				"${BUILT_PRODUCTS_DIR}/SDWebImage/SDWebImage.framework",
				"${BUILT_PRODUCTS_DIR}/TPKeyboardAvoiding/TPKeyboardAvoiding.framework",
				"${BUILT_PRODUCTS_DIR}/TTGTagCollectionView/TTGTagCollectionView.framework",
				"${BUILT_PRODUCTS_DIR}/XRWaterfallLayout/XRWaterfallLayout.framework",
				"${BUILT_PRODUCTS_DIR}/iCarousel/iCarousel.framework",
			);
			name = "[CP] Embed Pods Frameworks";
			outputPaths = (
				"${TARGET_BUILD_DIR}/${FRAMEWORKS_FOLDER_PATH}/AFNetworking.framework",
				"${TARGET_BUILD_DIR}/${FRAMEWORKS_FOLDER_PATH}/BlocksKit.framework",
				"${TARGET_BUILD_DIR}/${FRAMEWORKS_FOLDER_PATH}/DACircularProgress.framework",
				"${TARGET_BUILD_DIR}/${FRAMEWORKS_FOLDER_PATH}/DZNEmptyDataSet.framework",
				"${TARGET_BUILD_DIR}/${FRAMEWORKS_FOLDER_PATH}/EAIntroView.framework",
				"${TARGET_BUILD_DIR}/${FRAMEWORKS_FOLDER_PATH}/EARestrictedScrollView.framework",
				"${TARGET_BUILD_DIR}/${FRAMEWORKS_FOLDER_PATH}/FMDB.framework",
				"${TARGET_BUILD_DIR}/${FRAMEWORKS_FOLDER_PATH}/JQFMDB.framework",
				"${TARGET_BUILD_DIR}/${FRAMEWORKS_FOLDER_PATH}/MBProgressHUD.framework",
				"${TARGET_BUILD_DIR}/${FRAMEWORKS_FOLDER_PATH}/MJExtension.framework",
				"${TARGET_BUILD_DIR}/${FRAMEWORKS_FOLDER_PATH}/MWPhotoBrowser.framework",
				"${TARGET_BUILD_DIR}/${FRAMEWORKS_FOLDER_PATH}/Masonry.framework",
				"${TARGET_BUILD_DIR}/${FRAMEWORKS_FOLDER_PATH}/QMUIKit.framework",
				"${TARGET_BUILD_DIR}/${FRAMEWORKS_FOLDER_PATH}/ReactiveObjC.framework",
				"${TARGET_BUILD_DIR}/${FRAMEWORKS_FOLDER_PATH}/SDWebImage.framework",
				"${TARGET_BUILD_DIR}/${FRAMEWORKS_FOLDER_PATH}/TPKeyboardAvoiding.framework",
				"${TARGET_BUILD_DIR}/${FRAMEWORKS_FOLDER_PATH}/TTGTagCollectionView.framework",
				"${TARGET_BUILD_DIR}/${FRAMEWORKS_FOLDER_PATH}/XRWaterfallLayout.framework",
				"${TARGET_BUILD_DIR}/${FRAMEWORKS_FOLDER_PATH}/iCarousel.framework",
			);
			runOnlyForDeploymentPostprocessing = 0;
			shellPath = /bin/sh;
			shellScript = "\"${SRCROOT}/Pods/Target Support Files/Pods-lcwx/Pods-lcwx-frameworks.sh\"\n";
			showEnvVarsInLog = 0;
		};
		C3B44733FCEE8D924E72FC34 /* [CP] Copy Pods Resources */ = {
			isa = PBXShellScriptBuildPhase;
			buildActionMask = 2147483647;
			files = (
			);
			inputPaths = (
				"${SRCROOT}/Pods/Target Support Files/Pods-lcwx/Pods-lcwx-resources.sh",
				"${PODS_ROOT}/MJRefresh/MJRefresh/MJRefresh.bundle",
				$PODS_CONFIGURATION_BUILD_DIR/MWPhotoBrowser/MWPhotoBrowser.bundle,
				"${PODS_ROOT}/QMUIKit/QMUIKit/UIResources/QMUIResources.bundle",
				"${PODS_ROOT}/QMUIKit/QMUIKit/UIResources/QMUI_QQEmotion.bundle",
			);
			name = "[CP] Copy Pods Resources";
			outputPaths = (
				"${TARGET_BUILD_DIR}/${UNLOCALIZED_RESOURCES_FOLDER_PATH}",
			);
			runOnlyForDeploymentPostprocessing = 0;
			shellPath = /bin/sh;
			shellScript = "\"${SRCROOT}/Pods/Target Support Files/Pods-lcwx/Pods-lcwx-resources.sh\"\n";
			showEnvVarsInLog = 0;
		};
/* End PBXShellScriptBuildPhase section */

/* Begin PBXSourcesBuildPhase section */
		849033512001CF6F00E7CA26 /* Sources */ = {
			isa = PBXSourcesBuildPhase;
			buildActionMask = 2147483647;
			files = (
				8490339920022DE900E7CA26 /* UITableViewCell+BGetCellHeight.m in Sources */,
				849033B420022E0300E7CA26 /* MSSignupWithPhoneAction.m in Sources */,
				EF1559CD20088CCD009182A8 /* LCActionChapterList.m in Sources */,
				849033B620022E0300E7CA26 /* MSSignoutAction.m in Sources */,
				8490335D2001CF6F00E7CA26 /* ViewController.m in Sources */,
				849033C02002E1A400E7CA26 /* BaseNavigationController.m in Sources */,
				8490339F20022DF000E7CA26 /* MSUntil.m in Sources */,
				8490338120022DDD00E7CA26 /* BaseViewController.m in Sources */,
				849033682001CF6F00E7CA26 /* main.m in Sources */,
				8490339B20022DE900E7CA26 /* UIImage+Common.m in Sources */,
				EFFFE0DF2008544E002C868D /* LCActionCheckAppVersion.m in Sources */,
				849033C32002E1E400E7CA26 /* BaseTabBarViewController.m in Sources */,
				EF1559D020088D1A009182A8 /* LCActionChapterContent.m in Sources */,
				849033BD20022E0800E7CA26 /* MSHttpActionMgr.m in Sources */,
				EF1559E22008BAC3009182A8 /* LCActionSearch.m in Sources */,
				849033B520022E0300E7CA26 /* MSConfirmCodeAction.m in Sources */,
				8490339820022DE900E7CA26 /* UIView+Frame.m in Sources */,
				849033C62002E20600E7CA26 /* MainViewController.m in Sources */,
				849033CF2002E2CC00E7CA26 /* RankViewController.m in Sources */,
				8490339620022DE900E7CA26 /* UIColor+expanded.m in Sources */,
				849033CC2002E2BA00E7CA26 /* ChoicenessViewController.m in Sources */,
				EFFFE0E320085461002C868D /* LCActionUserLogin.m in Sources */,
				849033B720022E0300E7CA26 /* MSLoginAction.m in Sources */,
				849033C92002E29F00E7CA26 /* BookShelfViewController.m in Sources */,
				849033B320022E0300E7CA26 /* MSActionFindPWD.m in Sources */,
				EF1559DC2008A321009182A8 /* BaseWebViewController.m in Sources */,
				8490339420022DE900E7CA26 /* UILabel+Common.m in Sources */,
				EFFFE0E6200854DC002C868D /* LCActionUserStatus.m in Sources */,
				EFFFE0EC200856C2002C868D /* LCActionMobileLogin.m in Sources */,
				8490339C20022DE900E7CA26 /* UIImage+ResizeImage.m in Sources */,
				849033D22002E2D700E7CA26 /* AccountViewController.m in Sources */,
				EF1559D62008917B009182A8 /* LCActionRecommend.m in Sources */,
				EF1559D320088E35009182A8 /* LCActionAdd.m in Sources */,
				849033B220022E0300E7CA26 /* MSStoreService.m in Sources */,
				849033B120022E0300E7CA26 /* MSChangePasswordAction.m in Sources */,
				EF1559C620088AA7009182A8 /* LCActionInit.m in Sources */,
				8490335A2001CF6F00E7CA26 /* AppDelegate.m in Sources */,
				EFFFE0E02008544E002C868D /* LCActionSendSmsAuthCode.m in Sources */,
				8490339520022DE900E7CA26 /* UIViewController+Tracking.m in Sources */,
				EF1559CA20088BE8009182A8 /* LCActionBookInfo.m in Sources */,
				849033B020022E0300E7CA26 /* MSActionBase.m in Sources */,
				8490339720022DE900E7CA26 /* UIView+Common.m in Sources */,
				EF1559D9200895E6009182A8 /* Temp.m in Sources */,
				EF1559DF2008B9CB009182A8 /* LCActionSearchHot.m in Sources */,
				EFFFE0DE2008544E002C868D /* LCActionMobileRegister.m in Sources */,
				EFFFE0E92008552C002C868D /* LCActionActivation.m in Sources */,
				8490339A20022DE900E7CA26 /* CALayer+BLayerBorderColor.m in Sources */,
				EF1559E52008BB9C009182A8 /* LCActionBookCharts.m in Sources */,
				849033BC20022E0800E7CA26 /* MSResponeResult.m in Sources */,
			);
			runOnlyForDeploymentPostprocessing = 0;
		};
/* End PBXSourcesBuildPhase section */

/* Begin PBXVariantGroup section */
		8490335E2001CF6F00E7CA26 /* Main.storyboard */ = {
			isa = PBXVariantGroup;
			children = (
				8490335F2001CF6F00E7CA26 /* Base */,
			);
			name = Main.storyboard;
			sourceTree = "<group>";
		};
		849033632001CF6F00E7CA26 /* LaunchScreen.storyboard */ = {
			isa = PBXVariantGroup;
			children = (
				849033642001CF6F00E7CA26 /* Base */,
			);
			name = LaunchScreen.storyboard;
			sourceTree = "<group>";
		};
/* End PBXVariantGroup section */

/* Begin XCBuildConfiguration section */
		849033692001CF6F00E7CA26 /* Debug */ = {
			isa = XCBuildConfiguration;
			buildSettings = {
				ALWAYS_SEARCH_USER_PATHS = NO;
				CLANG_ANALYZER_NONNULL = YES;
				CLANG_ANALYZER_NUMBER_OBJECT_CONVERSION = YES_AGGRESSIVE;
				CLANG_CXX_LANGUAGE_STANDARD = "gnu++14";
				CLANG_CXX_LIBRARY = "libc++";
				CLANG_ENABLE_MODULES = YES;
				CLANG_ENABLE_OBJC_ARC = YES;
				CLANG_WARN_BLOCK_CAPTURE_AUTORELEASING = YES;
				CLANG_WARN_BOOL_CONVERSION = YES;
				CLANG_WARN_COMMA = YES;
				CLANG_WARN_CONSTANT_CONVERSION = YES;
				CLANG_WARN_DIRECT_OBJC_ISA_USAGE = YES_ERROR;
				CLANG_WARN_DOCUMENTATION_COMMENTS = YES;
				CLANG_WARN_EMPTY_BODY = YES;
				CLANG_WARN_ENUM_CONVERSION = YES;
				CLANG_WARN_INFINITE_RECURSION = YES;
				CLANG_WARN_INT_CONVERSION = YES;
				CLANG_WARN_NON_LITERAL_NULL_CONVERSION = YES;
				CLANG_WARN_OBJC_LITERAL_CONVERSION = YES;
				CLANG_WARN_OBJC_ROOT_CLASS = YES_ERROR;
				CLANG_WARN_RANGE_LOOP_ANALYSIS = YES;
				CLANG_WARN_STRICT_PROTOTYPES = YES;
				CLANG_WARN_SUSPICIOUS_MOVE = YES;
				CLANG_WARN_UNGUARDED_AVAILABILITY = YES_AGGRESSIVE;
				CLANG_WARN_UNREACHABLE_CODE = YES;
				CLANG_WARN__DUPLICATE_METHOD_MATCH = YES;
				CODE_SIGN_IDENTITY = "iPhone Developer";
				COPY_PHASE_STRIP = NO;
				DEBUG_INFORMATION_FORMAT = dwarf;
				ENABLE_STRICT_OBJC_MSGSEND = YES;
				ENABLE_TESTABILITY = YES;
				GCC_C_LANGUAGE_STANDARD = gnu11;
				GCC_DYNAMIC_NO_PIC = NO;
				GCC_NO_COMMON_BLOCKS = YES;
				GCC_OPTIMIZATION_LEVEL = 0;
				GCC_PREPROCESSOR_DEFINITIONS = (
					"DEBUG=1",
					"$(inherited)",
				);
				GCC_WARN_64_TO_32_BIT_CONVERSION = YES;
				GCC_WARN_ABOUT_RETURN_TYPE = YES_ERROR;
				GCC_WARN_UNDECLARED_SELECTOR = YES;
				GCC_WARN_UNINITIALIZED_AUTOS = YES_AGGRESSIVE;
				GCC_WARN_UNUSED_FUNCTION = YES;
				GCC_WARN_UNUSED_VARIABLE = YES;
				IPHONEOS_DEPLOYMENT_TARGET = 11.1;
				MTL_ENABLE_DEBUG_INFO = YES;
				ONLY_ACTIVE_ARCH = YES;
				SDKROOT = iphoneos;
			};
			name = Debug;
		};
		8490336A2001CF6F00E7CA26 /* Release */ = {
			isa = XCBuildConfiguration;
			buildSettings = {
				ALWAYS_SEARCH_USER_PATHS = NO;
				CLANG_ANALYZER_NONNULL = YES;
				CLANG_ANALYZER_NUMBER_OBJECT_CONVERSION = YES_AGGRESSIVE;
				CLANG_CXX_LANGUAGE_STANDARD = "gnu++14";
				CLANG_CXX_LIBRARY = "libc++";
				CLANG_ENABLE_MODULES = YES;
				CLANG_ENABLE_OBJC_ARC = YES;
				CLANG_WARN_BLOCK_CAPTURE_AUTORELEASING = YES;
				CLANG_WARN_BOOL_CONVERSION = YES;
				CLANG_WARN_COMMA = YES;
				CLANG_WARN_CONSTANT_CONVERSION = YES;
				CLANG_WARN_DIRECT_OBJC_ISA_USAGE = YES_ERROR;
				CLANG_WARN_DOCUMENTATION_COMMENTS = YES;
				CLANG_WARN_EMPTY_BODY = YES;
				CLANG_WARN_ENUM_CONVERSION = YES;
				CLANG_WARN_INFINITE_RECURSION = YES;
				CLANG_WARN_INT_CONVERSION = YES;
				CLANG_WARN_NON_LITERAL_NULL_CONVERSION = YES;
				CLANG_WARN_OBJC_LITERAL_CONVERSION = YES;
				CLANG_WARN_OBJC_ROOT_CLASS = YES_ERROR;
				CLANG_WARN_RANGE_LOOP_ANALYSIS = YES;
				CLANG_WARN_STRICT_PROTOTYPES = YES;
				CLANG_WARN_SUSPICIOUS_MOVE = YES;
				CLANG_WARN_UNGUARDED_AVAILABILITY = YES_AGGRESSIVE;
				CLANG_WARN_UNREACHABLE_CODE = YES;
				CLANG_WARN__DUPLICATE_METHOD_MATCH = YES;
				CODE_SIGN_IDENTITY = "iPhone Developer";
				COPY_PHASE_STRIP = NO;
				DEBUG_INFORMATION_FORMAT = "dwarf-with-dsym";
				ENABLE_NS_ASSERTIONS = NO;
				ENABLE_STRICT_OBJC_MSGSEND = YES;
				GCC_C_LANGUAGE_STANDARD = gnu11;
				GCC_NO_COMMON_BLOCKS = YES;
				GCC_WARN_64_TO_32_BIT_CONVERSION = YES;
				GCC_WARN_ABOUT_RETURN_TYPE = YES_ERROR;
				GCC_WARN_UNDECLARED_SELECTOR = YES;
				GCC_WARN_UNINITIALIZED_AUTOS = YES_AGGRESSIVE;
				GCC_WARN_UNUSED_FUNCTION = YES;
				GCC_WARN_UNUSED_VARIABLE = YES;
				IPHONEOS_DEPLOYMENT_TARGET = 11.1;
				MTL_ENABLE_DEBUG_INFO = NO;
				SDKROOT = iphoneos;
				VALIDATE_PRODUCT = YES;
			};
			name = Release;
		};
		8490336C2001CF6F00E7CA26 /* Debug */ = {
			isa = XCBuildConfiguration;
			baseConfigurationReference = 4CB16F2A6F688C17502B8C74 /* Pods-lcwx.debug.xcconfig */;
			buildSettings = {
				ALWAYS_EMBED_SWIFT_STANDARD_LIBRARIES = YES;
				ASSETCATALOG_COMPILER_APPICON_NAME = AppIcon;
				CODE_SIGN_STYLE = Automatic;
				DEVELOPMENT_TEAM = E5EJ3R9VNE;
				GCC_PREFIX_HEADER = lcwx/lcwx.pch;
				INFOPLIST_FILE = lcwx/Info.plist;
				IPHONEOS_DEPLOYMENT_TARGET = 9.0;
				LD_RUNPATH_SEARCH_PATHS = "$(inherited) @executable_path/Frameworks";
				PRODUCT_BUNDLE_IDENTIFIER = luck.lcwx;
				PRODUCT_NAME = "$(TARGET_NAME)";
				TARGETED_DEVICE_FAMILY = 1;
			};
			name = Debug;
		};
		8490336D2001CF6F00E7CA26 /* Release */ = {
			isa = XCBuildConfiguration;
			baseConfigurationReference = 19341E4DE614D62C0A66FD2F /* Pods-lcwx.release.xcconfig */;
			buildSettings = {
				ALWAYS_EMBED_SWIFT_STANDARD_LIBRARIES = YES;
				ASSETCATALOG_COMPILER_APPICON_NAME = AppIcon;
				CODE_SIGN_STYLE = Automatic;
				DEVELOPMENT_TEAM = E5EJ3R9VNE;
				GCC_PREFIX_HEADER = lcwx/lcwx.pch;
				INFOPLIST_FILE = lcwx/Info.plist;
				IPHONEOS_DEPLOYMENT_TARGET = 9.0;
				LD_RUNPATH_SEARCH_PATHS = "$(inherited) @executable_path/Frameworks";
				PRODUCT_BUNDLE_IDENTIFIER = luck.lcwx;
				PRODUCT_NAME = "$(TARGET_NAME)";
				TARGETED_DEVICE_FAMILY = 1;
			};
			name = Release;
		};
/* End XCBuildConfiguration section */

/* Begin XCConfigurationList section */
		849033502001CF6F00E7CA26 /* Build configuration list for PBXProject "lcwx" */ = {
			isa = XCConfigurationList;
			buildConfigurations = (
				849033692001CF6F00E7CA26 /* Debug */,
				8490336A2001CF6F00E7CA26 /* Release */,
			);
			defaultConfigurationIsVisible = 0;
			defaultConfigurationName = Release;
		};
		8490336B2001CF6F00E7CA26 /* Build configuration list for PBXNativeTarget "lcwx" */ = {
			isa = XCConfigurationList;
			buildConfigurations = (
				8490336C2001CF6F00E7CA26 /* Debug */,
				8490336D2001CF6F00E7CA26 /* Release */,
			);
			defaultConfigurationIsVisible = 0;
			defaultConfigurationName = Release;
		};
/* End XCConfigurationList section */
	};
	rootObject = 8490334D2001CF6F00E7CA26 /* Project object */;
}
